// !$*UTF8*$!
{
	archiveVersion = 1;
	classes = {
	};
	objectVersion = 46;
	objects = {

/* Begin PBXBuildFile section */
		21FD07DB1AC636400001F8DF /* AppDelegate.swift in Sources */ = {isa = PBXBuildFile; fileRef = 21FD07DA1AC636400001F8DF /* AppDelegate.swift */; };
		21FD07DD1AC636400001F8DF /* ViewController.swift in Sources */ = {isa = PBXBuildFile; fileRef = 21FD07DC1AC636400001F8DF /* ViewController.swift */; };
		21FD07E01AC636400001F8DF /* Main.storyboard in Resources */ = {isa = PBXBuildFile; fileRef = 21FD07DE1AC636400001F8DF /* Main.storyboard */; };
		21FD07E21AC636400001F8DF /* Images.xcassets in Resources */ = {isa = PBXBuildFile; fileRef = 21FD07E11AC636400001F8DF /* Images.xcassets */; };
		21FD07E51AC636400001F8DF /* LaunchScreen.xib in Resources */ = {isa = PBXBuildFile; fileRef = 21FD07E31AC636400001F8DF /* LaunchScreen.xib */; };
		21FD07F11AC636410001F8DF /* StormyTests.swift in Sources */ = {isa = PBXBuildFile; fileRef = 21FD07F01AC636410001F8DF /* StormyTests.swift */; };
		21FD07FC1AC655E50001F8DF /* Current.swift in Sources */ = {isa = PBXBuildFile; fileRef = 21FD07FB1AC655E50001F8DF /* Current.swift */; };
/* End PBXBuildFile section */

/* Begin PBXContainerItemProxy section */
		21FD07EB1AC636410001F8DF /* PBXContainerItemProxy */ = {
			isa = PBXContainerItemProxy;
			containerPortal = 21FD07CD1AC636400001F8DF /* Project object */;
			proxyType = 1;
			remoteGlobalIDString = 21FD07D41AC636400001F8DF;
			remoteInfo = Stormy;
		};
/* End PBXContainerItemProxy section */

/* Begin PBXFileReference section */
		21FD07D51AC636400001F8DF /* Stormy.app */ = {isa = PBXFileReference; explicitFileType = wrapper.application; includeInIndex = 0; path = Stormy.app; sourceTree = BUILT_PRODUCTS_DIR; };
		21FD07D91AC636400001F8DF /* Info.plist */ = {isa = PBXFileReference; lastKnownFileType = text.plist.xml; path = Info.plist; sourceTree = "<group>"; };
		21FD07DA1AC636400001F8DF /* AppDelegate.swift */ = {isa = PBXFileReference; lastKnownFileType = sourcecode.swift; path = AppDelegate.swift; sourceTree = "<group>"; };
		21FD07DC1AC636400001F8DF /* ViewController.swift */ = {isa = PBXFileReference; lastKnownFileType = sourcecode.swift; path = ViewController.swift; sourceTree = "<group>"; };
		21FD07DF1AC636400001F8DF /* Base */ = {isa = PBXFileReference; lastKnownFileType = file.storyboard; name = Base; path = Base.lproj/Main.storyboard; sourceTree = "<group>"; };
		21FD07E11AC636400001F8DF /* Images.xcassets */ = {isa = PBXFileReference; lastKnownFileType = folder.assetcatalog; path = Images.xcassets; sourceTree = "<group>"; };
		21FD07E41AC636400001F8DF /* Base */ = {isa = PBXFileReference; lastKnownFileType = file.xib; name = Base; path = Base.lproj/LaunchScreen.xib; sourceTree = "<group>"; };
		21FD07EA1AC636410001F8DF /* StormyTests.xctest */ = {isa = PBXFileReference; explicitFileType = wrapper.cfbundle; includeInIndex = 0; path = StormyTests.xctest; sourceTree = BUILT_PRODUCTS_DIR; };
		21FD07EF1AC636410001F8DF /* Info.plist */ = {isa = PBXFileReference; lastKnownFileType = text.plist.xml; path = Info.plist; sourceTree = "<group>"; };
		21FD07F01AC636410001F8DF /* StormyTests.swift */ = {isa = PBXFileReference; lastKnownFileType = sourcecode.swift; path = StormyTests.swift; sourceTree = "<group>"; };
		21FD07FA1AC63F300001F8DF /* MyPlayground.playground */ = {isa = PBXFileReference; lastKnownFileType = file.playground; path = MyPlayground.playground; sourceTree = "<group>"; };
		21FD07FB1AC655E50001F8DF /* Current.swift */ = {isa = PBXFileReference; fileEncoding = 4; lastKnownFileType = sourcecode.swift; path = Current.swift; sourceTree = "<group>"; };
/* End PBXFileReference section */

/* Begin PBXFrameworksBuildPhase section */
		21FD07D21AC636400001F8DF /* Frameworks */ = {
			isa = PBXFrameworksBuildPhase;
			buildActionMask = 2147483647;
			files = (
			);
			runOnlyForDeploymentPostprocessing = 0;
		};
		21FD07E71AC636410001F8DF /* Frameworks */ = {
			isa = PBXFrameworksBuildPhase;
			buildActionMask = 2147483647;
			files = (
			);
			runOnlyForDeploymentPostprocessing = 0;
		};
/* End PBXFrameworksBuildPhase section */

/* Begin PBXGroup section */
		21FD07CC1AC636400001F8DF = {
			isa = PBXGroup;
			children = (
				21FD07D71AC636400001F8DF /* Stormy */,
				21FD07ED1AC636410001F8DF /* StormyTests */,
				21FD07D61AC636400001F8DF /* Products */,
			);
			sourceTree = "<group>";
		};
		21FD07D61AC636400001F8DF /* Products */ = {
			isa = PBXGroup;
			children = (
				21FD07D51AC636400001F8DF /* Stormy.app */,
				21FD07EA1AC636410001F8DF /* StormyTests.xctest */,
			);
			name = Products;
			sourceTree = "<group>";
		};
		21FD07D71AC636400001F8DF /* Stormy */ = {
			isa = PBXGroup;
			children = (
				21FD07DA1AC636400001F8DF /* AppDelegate.swift */,
				21FD07DC1AC636400001F8DF /* ViewController.swift */,
				21FD07DE1AC636400001F8DF /* Main.storyboard */,
				21FD07E11AC636400001F8DF /* Images.xcassets */,
				21FD07E31AC636400001F8DF /* LaunchScreen.xib */,
				21FD07FB1AC655E50001F8DF /* Current.swift */,
				21FD07D81AC636400001F8DF /* Supporting Files */,
				21FD07FA1AC63F300001F8DF /* MyPlayground.playground */,
			);
			path = Stormy;
			sourceTree = "<group>";
		};
		21FD07D81AC636400001F8DF /* Supporting Files */ = {
			isa = PBXGroup;
			children = (
				21FD07D91AC636400001F8DF /* Info.plist */,
			);
			name = "Supporting Files";
			sourceTree = "<group>";
		};
		21FD07ED1AC636410001F8DF /* StormyTests */ = {
			isa = PBXGroup;
			children = (
				21FD07F01AC636410001F8DF /* StormyTests.swift */,
				21FD07EE1AC636410001F8DF /* Supporting Files */,
			);
			path = StormyTests;
			sourceTree = "<group>";
		};
		21FD07EE1AC636410001F8DF /* Supporting Files */ = {
			isa = PBXGroup;
			children = (
				21FD07EF1AC636410001F8DF /* Info.plist */,
			);
			name = "Supporting Files";
			sourceTree = "<group>";
		};
/* End PBXGroup section */

/* Begin PBXNativeTarget section */
		21FD07D41AC636400001F8DF /* Stormy */ = {
			isa = PBXNativeTarget;
			buildConfigurationList = 21FD07F41AC636410001F8DF /* Build configuration list for PBXNativeTarget "Stormy" */;
			buildPhases = (
				21FD07D11AC636400001F8DF /* Sources */,
				21FD07D21AC636400001F8DF /* Frameworks */,
				21FD07D31AC636400001F8DF /* Resources */,
			);
			buildRules = (
			);
			dependencies = (
			);
			name = Stormy;
			productName = Stormy;
			productReference = 21FD07D51AC636400001F8DF /* Stormy.app */;
			productType = "com.apple.product-type.application";
		};
		21FD07E91AC636410001F8DF /* StormyTests */ = {
			isa = PBXNativeTarget;
			buildConfigurationList = 21FD07F71AC636410001F8DF /* Build configuration list for PBXNativeTarget "StormyTests" */;
			buildPhases = (
				21FD07E61AC636410001F8DF /* Sources */,
				21FD07E71AC636410001F8DF /* Frameworks */,
				21FD07E81AC636410001F8DF /* Resources */,
			);
			buildRules = (
			);
			dependencies = (
				21FD07EC1AC636410001F8DF /* PBXTargetDependency */,
			);
			name = StormyTests;
			productName = StormyTests;
			productReference = 21FD07EA1AC636410001F8DF /* StormyTests.xctest */;
			productType = "com.apple.product-type.bundle.unit-test";
		};
/* End PBXNativeTarget section */

/* Begin PBXProject section */
		21FD07CD1AC636400001F8DF /* Project object */ = {
			isa = PBXProject;
			attributes = {
				LastUpgradeCheck = 0620;
				ORGANIZATIONNAME = SeanKelley;
				TargetAttributes = {
					21FD07D41AC636400001F8DF = {
						CreatedOnToolsVersion = 6.2;
					};
					21FD07E91AC636410001F8DF = {
						CreatedOnToolsVersion = 6.2;
						TestTargetID = 21FD07D41AC636400001F8DF;
					};
				};
			};
			buildConfigurationList = 21FD07D01AC636400001F8DF /* Build configuration list for PBXProject "Stormy" */;
			compatibilityVersion = "Xcode 3.2";
			developmentRegion = English;
			hasScannedForEncodings = 0;
			knownRegions = (
				en,
				Base,
			);
			mainGroup = 21FD07CC1AC636400001F8DF;
			productRefGroup = 21FD07D61AC636400001F8DF /* Products */;
			projectDirPath = "";
			projectRoot = "";
			targets = (
				21FD07D41AC636400001F8DF /* Stormy */,
				21FD07E91AC636410001F8DF /* StormyTests */,
			);
		};
/* End PBXProject section */

/* Begin PBXResourcesBuildPhase section */
		21FD07D31AC636400001F8DF /* Resources */ = {
			isa = PBXResourcesBuildPhase;
			buildActionMask = 2147483647;
			files = (
				21FD07E01AC636400001F8DF /* Main.storyboard in Resources */,
				21FD07E51AC636400001F8DF /* LaunchScreen.xib in Resources */,
				21FD07E21AC636400001F8DF /* Images.xcassets in Resources */,
			);
			runOnlyForDeploymentPostprocessing = 0;
		};
		21FD07E81AC636410001F8DF /* Resources */ = {
			isa = PBXResourcesBuildPhase;
			buildActionMask = 2147483647;
			files = (
			);
			runOnlyForDeploymentPostprocessing = 0;
		};
/* End PBXResourcesBuildPhase section */

/* Begin PBXSourcesBuildPhase section */
		21FD07D11AC636400001F8DF /* Sources */ = {
			isa = PBXSourcesBuildPhase;
			buildActionMask = 2147483647;
			files = (
				21FD07FC1AC655E50001F8DF /* Current.swift in Sources */,
				21FD07DD1AC636400001F8DF /* ViewController.swift in Sources */,
				21FD07DB1AC636400001F8DF /* AppDelegate.swift in Sources */,
			);
			runOnlyForDeploymentPostprocessing = 0;
		};
		21FD07E61AC636410001F8DF /* Sources */ = {
			isa = PBXSourcesBuildPhase;
			buildActionMask = 2147483647;
			files = (
				21FD07F11AC636410001F8DF /* StormyTests.swift in Sources */,
			);
			runOnlyForDeploymentPostprocessing = 0;
		};
/* End PBXSourcesBuildPhase section */

/* Begin PBXTargetDependency section */
		21FD07EC1AC636410001F8DF /* PBXTargetDependency */ = {
			isa = PBXTargetDependency;
			target = 21FD07D41AC636400001F8DF /* Stormy */;
			targetProxy = 21FD07EB1AC636410001F8DF /* PBXContainerItemProxy */;
		};
/* End PBXTargetDependency section */

/* Begin PBXVariantGroup section */
		21FD07DE1AC636400001F8DF /* Main.storyboard */ = {
			isa = PBXVariantGroup;
			children = (
				21FD07DF1AC636400001F8DF /* Base */,
			);
			name = Main.storyboard;
			sourceTree = "<group>";
		};
		21FD07E31AC636400001F8DF /* LaunchScreen.xib */ = {
			isa = PBXVariantGroup;
			children = (
				21FD07E41AC636400001F8DF /* Base */,
			);
			name = LaunchScreen.xib;
			sourceTree = "<group>";
		};
/* End PBXVariantGroup section */

/* Begin XCBuildConfiguration section */
		21FD07F21AC636410001F8DF /* Debug */ = {
			isa = XCBuildConfiguration;
			buildSettings = {
				ALWAYS_SEARCH_USER_PATHS = NO;
				CLANG_CXX_LANGUAGE_STANDARD = "gnu++0x";
				CLANG_CXX_LIBRARY = "libc++";
				CLANG_ENABLE_MODULES = YES;
				CLANG_ENABLE_OBJC_ARC = YES;
				CLANG_WARN_BOOL_CONVERSION = YES;
				CLANG_WARN_CONSTANT_CONVERSION = YES;
				CLANG_WARN_DIRECT_OBJC_ISA_USAGE = YES_ERROR;
				CLANG_WARN_EMPTY_BODY = YES;
				CLANG_WARN_ENUM_CONVERSION = YES;
				CLANG_WARN_INT_CONVERSION = YES;
				CLANG_WARN_OBJC_ROOT_CLASS = YES_ERROR;
				CLANG_WARN_UNREACHABLE_CODE = YES;
				CLANG_WARN__DUPLICATE_METHOD_MATCH = YES;
				"CODE_SIGN_IDENTITY[sdk=iphoneos*]" = "iPhone Developer";
				COPY_PHASE_STRIP = NO;
				ENABLE_STRICT_OBJC_MSGSEND = YES;
				GCC_C_LANGUAGE_STANDARD = gnu99;
				GCC_DYNAMIC_NO_PIC = NO;
				GCC_OPTIMIZATION_LEVEL = 0;
				GCC_PREPROCESSOR_DEFINITIONS = (
					"DEBUG=1",
					"$(inherited)",
				);
				GCC_SYMBOLS_PRIVATE_EXTERN = NO;
				GCC_WARN_64_TO_32_BIT_CONVERSION = YES;
				GCC_WARN_ABOUT_RETURN_TYPE = YES_ERROR;
				GCC_WARN_UNDECLARED_SELECTOR = YES;
				GCC_WARN_UNINITIALIZED_AUTOS = YES_AGGRESSIVE;
				GCC_WARN_UNUSED_FUNCTION = YES;
				GCC_WARN_UNUSED_VARIABLE = YES;
				IPHONEOS_DEPLOYMENT_TARGET = 8.2;
				MTL_ENABLE_DEBUG_INFO = YES;
				ONLY_ACTIVE_ARCH = YES;
				SDKROOT = iphoneos;
				SWIFT_OPTIMIZATION_LEVEL = "-Onone";
			};
			name = Debug;
		};
		21FD07F31AC636410001F8DF /* Release */ = {
			isa = XCBuildConfiguration;
			buildSettings = {
				ALWAYS_SEARCH_USER_PATHS = NO;
				CLANG_CXX_LANGUAGE_STANDARD = "gnu++0x";
				CLANG_CXX_LIBRARY = "libc++";
				CLANG_ENABLE_MODULES = YES;
				CLANG_ENABLE_OBJC_ARC = YES;
				CLANG_WARN_BOOL_CONVERSION = YES;
				CLANG_WARN_CONSTANT_CONVERSION = YES;
				CLANG_WARN_DIRECT_OBJC_ISA_USAGE = YES_ERROR;
				CLANG_WARN_EMPTY_BODY = YES;
				CLANG_WARN_ENUM_CONVERSION = YES;
				CLANG_WARN_INT_CONVERSION = YES;
				CLANG_WARN_OBJC_ROOT_CLASS = YES_ERROR;
				CLANG_WARN_UNREACHABLE_CODE = YES;
				CLANG_WARN__DUPLICATE_METHOD_MATCH = YES;
				"CODE_SIGN_IDENTITY[sdk=iphoneos*]" = "iPhone Developer";
				COPY_PHASE_STRIP = NO;
				ENABLE_NS_ASSERTIONS = NO;
				ENABLE_STRICT_OBJC_MSGSEND = YES;
				GCC_C_LANGUAGE_STANDARD = gnu99;
				GCC_WARN_64_TO_32_BIT_CONVERSION = YES;
				GCC_WARN_ABOUT_RETURN_TYPE = YES_ERROR;
				GCC_WARN_UNDECLARED_SELECTOR = YES;
				GCC_WARN_UNINITIALIZED_AUTOS = YES_AGGRESSIVE;
				GCC_WARN_UNUSED_FUNCTION = YES;
				GCC_WARN_UNUSED_VARIABLE = YES;
				IPHONEOS_DEPLOYMENT_TARGET = 8.2;
				MTL_ENABLE_DEBUG_INFO = NO;
				SDKROOT = iphoneos;
				VALIDATE_PRODUCT = YES;
			};
			name = Release;
		};
		21FD07F51AC636410001F8DF /* Debug */ = {
			isa = XCBuildConfiguration;
			buildSettings = {
				ASSETCATALOG_COMPILER_APPICON_NAME = AppIcon;
				INFOPLIST_FILE = Stormy/Info.plist;
				LD_RUNPATH_SEARCH_PATHS = "$(inherited) @executable_path/Frameworks";
				PRODUCT_NAME = "$(TARGET_NAME)";
			};
			name = Debug;
		};
		21FD07F61AC636410001F8DF /* Release */ = {
			isa = XCBuildConfiguration;
			buildSettings = {
				ASSETCATALOG_COMPILER_APPICON_NAME = AppIcon;
				INFOPLIST_FILE = Stormy/Info.plist;
				LD_RUNPATH_SEARCH_PATHS = "$(inherited) @executable_path/Frameworks";
				PRODUCT_NAME = "$(TARGET_NAME)";
			};
			name = Release;
		};
		21FD07F81AC636410001F8DF /* Debug */ = {
			isa = XCBuildConfiguration;
			buildSettings = {
				BUNDLE_LOADER = "$(TEST_HOST)";
				FRAMEWORK_SEARCH_PATHS = (
					"$(SDKROOT)/Developer/Library/Frameworks",
					"$(inherited)",
				);
				GCC_PREPROCESSOR_DEFINITIONS = (
					"DEBUG=1",
					"$(inherited)",
				);
				INFOPLIST_FILE = StormyTests/Info.plist;
				LD_RUNPATH_SEARCH_PATHS = "$(inherited) @executable_path/Frameworks @loader_path/Frameworks";
				PRODUCT_NAME = "$(TARGET_NAME)";
				TEST_HOST = "$(BUILT_PRODUCTS_DIR)/Stormy.app/Stormy";
			};
			name = Debug;
		};
		21FD07F91AC636410001F8DF /* Release */ = {
			isa = XCBuildConfiguration;
			buildSettings = {
				BUNDLE_LOADER = "$(TEST_HOST)";
				FRAMEWORK_SEARCH_PATHS = (
					"$(SDKROOT)/Developer/Library/Frameworks",
					"$(inherited)",
				);
				INFOPLIST_FILE = StormyTests/Info.plist;
				LD_RUNPATH_SEARCH_PATHS = "$(inherited) @executable_path/Frameworks @loader_path/Frameworks";
				PRODUCT_NAME = "$(TARGET_NAME)";
				TEST_HOST = "$(BUILT_PRODUCTS_DIR)/Stormy.app/Stormy";
			};
			name = Release;
		};
/* End XCBuildConfiguration section */

/* Begin XCConfigurationList section */
		21FD07D01AC636400001F8DF /* Build configuration list for PBXProject "Stormy" */ = {
			isa = XCConfigurationList;
			buildConfigurations = (
				21FD07F21AC636410001F8DF /* Debug */,
				21FD07F31AC636410001F8DF /* Release */,
			);
			defaultConfigurationIsVisible = 0;
			defaultConfigurationName = Release;
		};
		21FD07F41AC636410001F8DF /* Build configuration list for PBXNativeTarget "Stormy" */ = {
			isa = XCConfigurationList;
			buildConfigurations = (
				21FD07F51AC636410001F8DF /* Debug */,
				21FD07F61AC636410001F8DF /* Release */,
			);
			defaultConfigurationIsVisible = 0;
		};
		21FD07F71AC636410001F8DF /* Build configuration list for PBXNativeTarget "StormyTests" */ = {
			isa = XCConfigurationList;
			buildConfigurations = (
				21FD07F81AC636410001F8DF /* Debug */,
				21FD07F91AC636410001F8DF /* Release */,
			);
			defaultConfigurationIsVisible = 0;
		};
/* End XCConfigurationList section */
	};
	rootObject = 21FD07CD1AC636400001F8DF /* Project object */;
}
